{
	"name": "@sheetbase/sheets-nosql-server",
	"version": "0.0.1",
	"lockfileVersion": 1,
	"requires": true,
	"dependencies": {
		"@sheetbase/core-server": {
			"version": "0.0.1",
			"resolved": "https://registry.npmjs.org/@sheetbase/core-server/-/core-server-0.0.1.tgz",
			"integrity": "sha512-iCVtB+TjX6k5Fg5uWYg35KeWGTqLUATWHQCawSVDYb1O1yRbfuer6GLZUGObpYDbo8uQg6DMYzXbwpIsx3TiEA==",
			"requires": {
				"@sheetbase/ejs-server": "^2.6.0",
				"@sheetbase/handlebars-server": "^4.0.11",
				"@sheetbase/polyfill-server": "^0.35.3"
			}
		},
		"@sheetbase/ejs-server": {
			"version": "2.6.0",
			"resolved": "https://registry.npmjs.org/@sheetbase/ejs-server/-/ejs-server-2.6.0.tgz",
			"integrity": "sha512-R0flBKvy2ZB0PgdAUG9/yZOQqw6hZb6bRccbNEdYlN3ajTWyu36kHGO+1+mZPzeH5g5kC4Fa6pbtSG6fYQlc6g=="
		},
		"@sheetbase/handlebars-server": {
			"version": "4.0.11",
			"resolved": "https://registry.npmjs.org/@sheetbase/handlebars-server/-/handlebars-server-4.0.11.tgz",
			"integrity": "sha512-HcNJs6ZkeZQle2ZF+cMRo0HPSWAWMAdm4GoU/41ckjVv7AsLKamN/ujy4KGv63M8+7mT5EtEZiKZNh6RkS01wg=="
		},
		"@sheetbase/lodash-server": {
			"version": "4.17.11",
			"resolved": "https://registry.npmjs.org/@sheetbase/lodash-server/-/lodash-server-4.17.11.tgz",
			"integrity": "sha512-50oCH6UQnpGmymDOgA/WF63X0ofyUwg/MelgngrPaI+gGTEhEB80WqK5B0C03rFNJVGgFLjgEvonZWBo8RBNJA=="
		},
		"@sheetbase/polyfill-server": {
			"version": "0.35.3",
			"resolved": "https://registry.npmjs.org/@sheetbase/polyfill-server/-/polyfill-server-0.35.3.tgz",
			"integrity": "sha512-ADZ146iOSOOr3ZpkJDkjiNHBAtaROzQypMTvpGtdx2JH6qf1bltWAspGkEXfIwqD3SUk2bV318Q+bYhUhaRIWg=="
		},
		"@sheetbase/tamotsux-server": {
			"version": "0.0.1",
			"resolved": "https://registry.npmjs.org/@sheetbase/tamotsux-server/-/tamotsux-server-0.0.1.tgz",
			"integrity": "sha512-gLushc020Xa6MmKOh2uB2jVo9AMg+dUpetAQZjIdsluZhDfT7blinolgFVRNefntmo9iTa7x3DkOSyywo2z8mA==",
			"requires": {
				"@sheetbase/polyfill-server": "0.35.3"
			}
		},
		"@sheetbase/utils-server": {
			"version": "0.0.1",
			"resolved": "https://registry.npmjs.org/@sheetbase/utils-server/-/utils-server-0.0.1.tgz",
			"integrity": "sha512-y7xrsoQ9b3vBqr1/6wQ6rbS4q2+tafkDT+f3X0s+peYriynZMIvUjq0yn6fXV6e+z5tD5PQmBxkvCrZ9sPp2vQ=="
		},
		"@types/google-apps-script": {
			"version": "0.0.28",
			"resolved": "https://registry.npmjs.org/@types/google-apps-script/-/google-apps-script-0.0.28.tgz",
			"integrity": "sha512-FVj9Xotj1Gyy4JRsxd6VvYq7aZ3NcdWnR2C9ZemLQ0OWdLzVcmxBXFJjWoSFqghWvjS+SvLfgerQXJ+rmAE9zw==",
			"dev": true
		},
		"@types/lodash": {
			"version": "4.14.116",
			"resolved": "https://registry.npmjs.org/@types/lodash/-/lodash-4.14.116.tgz",
			"integrity": "sha512-lRnAtKnxMXcYYXqOiotTmJd74uawNWuPnsnPrrO7HiFuE3npE2iQhfABatbYDyxTNqZNuXzcKGhw37R7RjBFLg==",
			"dev": true
		}
	}
}
